
Microsoft Visual Studio Solution File, Format Version 12.00
# Visual Studio Version 16
VisualStudioVersion = 16.0.29905.134
MinimumVisualStudioVersion = 10.0.40219.1
Project("{8BC9CEB8-8B4A-11D0-8D11-00A0C91BC942}") = "GenerationsPBRShaders", "GenerationsPBRShaders.vcxproj", "{A590A7AA-CDF6-4111-A42C-560A0391D00B}"
EndProject
Project("{8BC9CEB8-8B4A-11D0-8D11-00A0C91BC942}") = "HedgeLib", "C:\Users\Skyth\source\repos\GenerationsPBRShaders\Dependencies\HedgeLib\HedgeLib\HedgeLib.vcxproj", "{B98FB53D-A55C-1049-CE75-FEF0BAA145D7}"
EndProject
Project("{8BC9CEB8-8B4A-11D0-8D11-00A0C91BC942}") = "cglm", "C:\Users\Skyth\source\repos\GenerationsPBRShaders\Dependencies\HedgeLib\depends\cglm\cglm.vcxproj", "{881D957C-7454-960D-1D41-7C100957120F}"
EndProject
Global
	GlobalSection(SolutionConfigurationPlatforms) = preSolution
		Debug|x86 = Debug|x86
		Release|x86 = Release|x86
	EndGlobalSection
	GlobalSection(ProjectConfigurationPlatforms) = postSolution
		{A590A7AA-CDF6-4111-A42C-560A0391D00B}.Debug|x86.ActiveCfg = Debug|Win32
		{A590A7AA-CDF6-4111-A42C-560A0391D00B}.Debug|x86.Build.0 = Debug|Win32
		{A590A7AA-CDF6-4111-A42C-560A0391D00B}.Release|x86.ActiveCfg = Release|Win32
		{A590A7AA-CDF6-4111-A42C-560A0391D00B}.Release|x86.Build.0 = Release|Win32
		{B98FB53D-A55C-1049-CE75-FEF0BAA145D7}.Debug|x86.ActiveCfg = Debug|Win32
		{B98FB53D-A55C-1049-CE75-FEF0BAA145D7}.Debug|x86.Build.0 = Debug|Win32
		{B98FB53D-A55C-1049-CE75-FEF0BAA145D7}.Release|x86.ActiveCfg = Release|Win32
		{B98FB53D-A55C-1049-CE75-FEF0BAA145D7}.Release|x86.Build.0 = Release|Win32
		{881D957C-7454-960D-1D41-7C100957120F}.Debug|x86.ActiveCfg = Debug|Win32
		{881D957C-7454-960D-1D41-7C100957120F}.Debug|x86.Build.0 = Debug|Win32
		{881D957C-7454-960D-1D41-7C100957120F}.Release|x86.ActiveCfg = Release|Win32
		{881D957C-7454-960D-1D41-7C100957120F}.Release|x86.Build.0 = Release|Win32
	EndGlobalSection
	GlobalSection(SolutionProperties) = preSolution
		HideSolutionNode = FALSE
	EndGlobalSection
	GlobalSection(ExtensibilityGlobals) = postSolution
		SolutionGuid = {3B582FDA-46CF-4FC8-9EE3-95BAD53FDF11}
	EndGlobalSection
EndGlobal
